
Microsoft Visual Studio Solution File, Format Version 12.00
# Visual Studio Version 17
VisualStudioVersion = 17.3.32811.315
MinimumVisualStudioVersion = 10.0.40219.1
Project("{FAE04EC0-301F-11D3-BF4B-00C04F79EFBC}") = "Upgifft 2.11", "Upgifft 2.11\Upgifft 2.11.csproj", "{6538944A-7BAF-4785-B879-CF816602E8E4}"
EndProject
Global
	GlobalSection(SolutionConfigurationPlatforms) = preSolution
		Debug|Any CPU = Debug|Any CPU
		Release|Any CPU = Release|Any CPU
	EndGlobalSection
	GlobalSection(ProjectConfigurationPlatforms) = postSolution
		{6538944A-7BAF-4785-B879-CF816602E8E4}.Debug|Any CPU.ActiveCfg = Debug|Any CPU
		{6538944A-7BAF-4785-B879-CF816602E8E4}.Debug|Any CPU.Build.0 = Debug|Any CPU
		{6538944A-7BAF-4785-B879-CF816602E8E4}.Release|Any CPU.ActiveCfg = Release|Any CPU
		{6538944A-7BAF-4785-B879-CF816602E8E4}.Release|Any CPU.Build.0 = Release|Any CPU
	EndGlobalSection
	GlobalSection(SolutionProperties) = preSolution
		HideSolutionNode = FALSE
	EndGlobalSection
	GlobalSection(ExtensibilityGlobals) = postSolution
		SolutionGuid = {E5505081-C83A-4E5C-9B7E-3D73F4F9F9BD}
	EndGlobalSection
EndGlobal
